{
  "name": "PlayGround2",
  "lockfileVersion": 3,
  "requires": true,
  "packages": {
    "": {
      "dependencies": {
        "yorkie-js-sdk": "^0.2.20"
      }
    },
    "node_modules/@types/google-protobuf": {
      "version": "3.15.6",
      "resolved": "https://registry.npmjs.org/@types/google-protobuf/-/google-protobuf-3.15.6.tgz",
      "integrity": "sha512-pYVNNJ+winC4aek+lZp93sIKxnXt5qMkuKmaqS3WGuTq0Bw1ZDYNBgzG5kkdtwcv+GmYJGo3yEg6z2cKKAiEdw=="
    },
    "node_modules/@types/long": {
      "version": "4.0.2",
      "resolved": "https://registry.npmjs.org/@types/long/-/long-4.0.2.tgz",
      "integrity": "sha512-MqTGEo5bj5t157U6fA/BiDynNkn0YknVdh48CMPkTSpFTVmvao5UQmm7uEF6xBEo7qIMAlY/JSleYaE6VOdpaA=="
    },
    "node_modules/google-protobuf": {
      "version": "3.21.2",
      "resolved": "https://registry.npmjs.org/google-protobuf/-/google-protobuf-3.21.2.tgz",
      "integrity": "sha512-3MSOYFO5U9mPGikIYCzK0SaThypfGgS6bHqrUGXG3DPHCrb+txNqeEcns1W0lkGfk0rCyNXm7xB9rMxnCiZOoA=="
    },
    "node_modules/grpc-web": {
      "version": "1.4.2",
      "resolved": "https://registry.npmjs.org/grpc-web/-/grpc-web-1.4.2.tgz",
      "integrity": "sha512-gUxWq42l5ldaRplcKb4Pw5O4XBONWZgz3vxIIXnfIeJj8Jc3wYiq2O4c9xzx/NGbbPEej4rhI62C9eTENwLGNw=="
    },
    "node_modules/long": {
      "version": "5.2.1",
      "resolved": "https://registry.npmjs.org/long/-/long-5.2.1.tgz",
      "integrity": "sha512-GKSNGeNAtw8IryjjkhZxuKB3JzlcLTwjtiQCHKvqQet81I93kXslhDQruGI/QsddO83mcDToBVy7GqGS/zYf/A=="
    },
    "node_modules/yorkie-js-sdk": {
      "version": "0.2.20",
      "resolved": "https://registry.npmjs.org/yorkie-js-sdk/-/yorkie-js-sdk-0.2.20.tgz",
      "integrity": "sha512-j5S20Nn0+u2sNlVL76ya4iy8fjrprudKHIfwdhO92VzKpviEwvY4c1LyOLi+mjbmCZLnTrpkch/mKNAyccCUIg==",
      "dependencies": {
        "@types/google-protobuf": "^3.15.5",
        "@types/long": "^4.0.1",
        "google-protobuf": "^3.19.4",
        "grpc-web": "^1.3.1",
        "long": "^5.2.0"
      },
      "engines": {
        "node": ">=16.0.0",
        "npm": ">=7.1.0"
      }
    }
  }
}
